<?xml version="1.0" encoding="utf-8"?>
<Project ToolsVersion="4.0" xmlns="http://schemas.microsoft.com/developer/msbuild/2003">
  <ItemGroup>
    <Filter Include="Source Files">
      <UniqueIdentifier>{4FC737F1-C7A5-4376-A066-2A32D752A2FF}</UniqueIdentifier>
      <Extensions>cpp;c;cc;cxx;def;odl;idl;hpj;bat;asm;asmx</Extensions>
    </Filter>
    <Filter Include="Header Files">
      <UniqueIdentifier>{93995380-89BD-4b04-88EB-625FBE52EBFB}</UniqueIdentifier>
      <Extensions>h;hh;hpp;hxx;hm;inl;inc;xsd</Extensions>
    </Filter>
    <Filter Include="Resource Files">
      <UniqueIdentifier>{67DA6AB6-F800-4c08-8B7A-83BB121AAD01}</UniqueIdentifier>
      <Extensions>rc;ico;cur;bmp;dlg;rc2;rct;bin;rgs;gif;jpg;jpeg;jpe;resx;tiff;tif;png;wav</Extensions>
    </Filter>
  </ItemGroup>
  <ItemGroup>
    <ClCompile Include="AbsFuncBlock.cpp">
      <Filter>Source Files</Filter>
    </ClCompile>
    <ClCompile Include="AbsFuncDerivator.cpp">
      <Filter>Source Files</Filter>
    </ClCompile>
    <ClCompile Include="AbsFuncReducer.cpp">
      <Filter>Source Files</Filter>
    </ClCompile>
    <ClCompile Include="AbsFuncWriter.cpp">
      <Filter>Source Files</Filter>
    </ClCompile>
    <ClCompile Include="BasFuncBlock.cpp">
      <Filter>Source Files</Filter>
    </ClCompile>
    <ClCompile Include="Clonable.cpp">
      <Filter>Source Files</Filter>
    </ClCompile>
    <ClCompile Include="FuncDre.cpp">
      <Filter>Source Files</Filter>
    </ClCompile>
    <ClCompile Include="FuncLoader.cpp">
      <Filter>Source Files</Filter>
    </ClCompile>
    <ClCompile Include="FuncReader.cpp">
      <Filter>Source Files</Filter>
    </ClCompile>
    <ClCompile Include="Hashable.cpp">
      <Filter>Source Files</Filter>
    </ClCompile>
    <ClCompile Include="TransForm.cpp">
      <Filter>Source Files</Filter>
    </ClCompile>
  </ItemGroup>
  <ItemGroup>
    <ClInclude Include="AbsFuncBlock.h">
      <Filter>Header Files</Filter>
    </ClInclude>
    <ClInclude Include="AbsFuncDerivator.h">
      <Filter>Header Files</Filter>
    </ClInclude>
    <ClInclude Include="AbsFuncReducer.h">
      <Filter>Header Files</Filter>
    </ClInclude>
    <ClInclude Include="AbsFuncWriter.h">
      <Filter>Header Files</Filter>
    </ClInclude>
    <ClInclude Include="BasFuncBlock.h">
      <Filter>Header Files</Filter>
    </ClInclude>
    <ClInclude Include="Clonable.h">
      <Filter>Header Files</Filter>
    </ClInclude>
    <ClInclude Include="FuncLoader.h">
      <Filter>Header Files</Filter>
    </ClInclude>
    <ClInclude Include="FuncReader.h">
      <Filter>Header Files</Filter>
    </ClInclude>
    <ClInclude Include="FuncWriter.h">
      <Filter>Header Files</Filter>
    </ClInclude>
    <ClInclude Include="Hashable.h">
      <Filter>Header Files</Filter>
    </ClInclude>
    <ClInclude Include="TransForm.h">
      <Filter>Header Files</Filter>
    </ClInclude>
  </ItemGroup>
</Project>